{
  "version": 4,
  "terraform_version": "1.11.2",
  "serial": 47,
  "lineage": "dd250f66-fe7e-6a33-ac3e-f189c9424575",
  "outputs": {},
  "resources": [
    {
      "mode": "managed",
      "type": "azurerm_linux_web_app",
      "name": "classification-app",
      "provider": "provider[\"registry.terraform.io/hashicorp/azurerm\"]",
      "instances": [
        {
          "schema_version": 1,
          "attributes": {
            "app_settings": {
              "SCM_DO_BUILD_DURING_DEPLOYMENT": "true"
            },
            "auth_settings": [],
            "auth_settings_v2": [],
            "backup": [],
            "client_affinity_enabled": false,
            "client_certificate_enabled": false,
            "client_certificate_exclusion_paths": "",
            "client_certificate_mode": "Required",
            "connection_string": [],
            "custom_domain_verification_id": "2D076D1EDE1BC48F99E30073FA59A7A802A557FC61AF25BBDD55FEA3B9571477",
            "default_hostname": "cc-fund-classification-api.azurewebsites.net",
            "enabled": true,
            "ftp_publish_basic_authentication_enabled": true,
            "hosting_environment_id": "",
            "https_only": true,
            "id": "/subscriptions/ec052d58-e4b4-48f5-a36f-d3d9e277717d/resourceGroups/cc-fund-rg/providers/Microsoft.Web/sites/cc-fund-classification-api",
            "identity": [
              {
                "identity_ids": null,
                "principal_id": "703ffe34-7fc4-485f-8cee-847047ff83bc",
                "tenant_id": "ef350f96-c962-4cb3-abad-5a3a022c948f",
                "type": "SystemAssigned"
              }
            ],
            "key_vault_reference_identity_id": "SystemAssigned",
            "kind": "app,linux",
            "location": "northeurope",
            "logs": [],
            "name": "cc-fund-classification-api",
            "outbound_ip_address_list": [
              "4.207.233.16",
              "52.155.168.183",
              "132.164.145.184",
              "48.209.147.49",
              "52.155.226.237",
              "48.209.171.130",
              "48.209.181.136",
              "40.127.152.119",
              "172.205.125.26",
              "132.164.136.124",
              "135.236.202.127",
              "4.207.177.210",
              "20.107.239.1"
            ],
            "outbound_ip_addresses": "4.207.233.16,52.155.168.183,132.164.145.184,48.209.147.49,52.155.226.237,48.209.171.130,48.209.181.136,40.127.152.119,172.205.125.26,132.164.136.124,135.236.202.127,4.207.177.210,20.107.239.1",
            "possible_outbound_ip_address_list": [
              "4.207.233.16",
              "52.155.168.183",
              "132.164.145.184",
              "48.209.147.49",
              "52.155.226.237",
              "48.209.171.130",
              "48.209.181.136",
              "40.127.152.119",
              "172.205.125.26",
              "132.164.136.124",
              "135.236.202.127",
              "4.207.177.210",
              "52.158.123.171",
              "172.205.41.165",
              "40.127.218.89",
              "172.205.110.239",
              "132.164.243.50",
              "132.164.244.84",
              "20.105.34.207",
              "52.158.114.127",
              "4.207.177.248",
              "132.164.209.13",
              "172.205.80.7",
              "132.164.184.188",
              "172.205.42.192",
              "48.209.179.246",
              "40.127.153.200",
              "172.205.43.78",
              "132.164.219.142",
              "52.155.173.114",
              "20.107.239.1"
            ],
            "possible_outbound_ip_addresses": "4.207.233.16,52.155.168.183,132.164.145.184,48.209.147.49,52.155.226.237,48.209.171.130,48.209.181.136,40.127.152.119,172.205.125.26,132.164.136.124,135.236.202.127,4.207.177.210,52.158.123.171,172.205.41.165,40.127.218.89,172.205.110.239,132.164.243.50,132.164.244.84,20.105.34.207,52.158.114.127,4.207.177.248,132.164.209.13,172.205.80.7,132.164.184.188,172.205.42.192,48.209.179.246,40.127.153.200,172.205.43.78,132.164.219.142,52.155.173.114,20.107.239.1",
            "public_network_access_enabled": true,
            "resource_group_name": "cc-fund-rg",
            "service_plan_id": "/subscriptions/ec052d58-e4b4-48f5-a36f-d3d9e277717d/resourceGroups/cc-fund-rg/providers/Microsoft.Web/serverFarms/cc-fund-asp",
            "site_config": [
              {
                "always_on": false,
                "api_definition_url": "",
                "api_management_api_id": "",
                "app_command_line": "",
                "application_stack": [
                  {
                    "docker_image_name": "",
                    "docker_registry_password": "",
                    "docker_registry_url": "",
                    "docker_registry_username": "",
                    "dotnet_version": "",
                    "go_version": "",
                    "java_server": "",
                    "java_server_version": "",
                    "java_version": "",
                    "node_version": "",
                    "php_version": "",
                    "python_version": "3.11",
                    "ruby_version": ""
                  }
                ],
                "auto_heal_setting": [],
                "container_registry_managed_identity_client_id": "",
                "container_registry_use_managed_identity": false,
                "cors": [],
                "default_documents": [
                  "Default.htm",
                  "Default.html",
                  "Default.asp",
                  "index.htm",
                  "index.html",
                  "iisstart.htm",
                  "default.aspx",
                  "index.php",
                  "hostingstart.html"
                ],
                "detailed_error_logging_enabled": false,
                "ftps_state": "Disabled",
                "health_check_eviction_time_in_min": 0,
                "health_check_path": "",
                "http2_enabled": false,
                "ip_restriction": [],
                "ip_restriction_default_action": "Allow",
                "linux_fx_version": "PYTHON|3.11",
                "load_balancing_mode": "LeastRequests",
                "local_mysql_enabled": false,
                "managed_pipeline_mode": "Integrated",
                "minimum_tls_version": "1.2",
                "remote_debugging_enabled": false,
                "remote_debugging_version": "VS2022",
                "scm_ip_restriction": [],
                "scm_ip_restriction_default_action": "Allow",
                "scm_minimum_tls_version": "1.2",
                "scm_type": "None",
                "scm_use_main_ip_restriction": false,
                "use_32_bit_worker": true,
                "vnet_route_all_enabled": false,
                "websockets_enabled": false,
                "worker_count": 1
              }
            ],
            "site_credential": [
              {
                "name": "$cc-fund-classification-api",
                "password": "tzQebbnNsMqeXqmWy3geAwNBmega3svmjx5yT1DiNdSvucPuglQytJTPctlr"
              }
            ],
            "sticky_settings": [],
            "storage_account": [],
            "tags": null,
            "timeouts": null,
            "virtual_network_backup_restore_enabled": false,
            "virtual_network_subnet_id": "",
            "webdeploy_publish_basic_authentication_enabled": true,
            "zip_deploy_file": ""
          },
          "sensitive_attributes": [
            [
              {
                "type": "get_attr",
                "value": "custom_domain_verification_id"
              }
            ],
            [
              {
                "type": "get_attr",
                "value": "site_config"
              },
              {
                "type": "index",
                "value": {
                  "value": 0,
                  "type": "number"
                }
              },
              {
                "type": "get_attr",
                "value": "application_stack"
              },
              {
                "type": "index",
                "value": {
                  "value": 0,
                  "type": "number"
                }
              },
              {
                "type": "get_attr",
                "value": "docker_registry_password"
              }
            ],
            [
              {
                "type": "get_attr",
                "value": "site_credential"
              }
            ]
          ],
          "private": "eyJlMmJmYjczMC1lY2FhLTExZTYtOGY4OC0zNDM2M2JjN2M0YzAiOnsiY3JlYXRlIjoxODAwMDAwMDAwMDAwLCJkZWxldGUiOjE4MDAwMDAwMDAwMDAsInJlYWQiOjMwMDAwMDAwMDAwMCwidXBkYXRlIjoxODAwMDAwMDAwMDAwfSwic2NoZW1hX3ZlcnNpb24iOiIxIn0=",
          "dependencies": [
            "azurerm_resource_group.rg",
            "azurerm_service_plan.asp"
          ]
        }
      ]
    },
    {
      "mode": "managed",
      "type": "azurerm_linux_web_app",
      "name": "frontend-app",
      "provider": "provider[\"registry.terraform.io/hashicorp/azurerm\"]",
      "instances": [
        {
          "schema_version": 1,
          "attributes": {
            "app_settings": {
              "SCM_DO_BUILD_DURING_DEPLOYMENT": "true"
            },
            "auth_settings": [],
            "auth_settings_v2": [],
            "backup": [],
            "client_affinity_enabled": false,
            "client_certificate_enabled": false,
            "client_certificate_exclusion_paths": "",
            "client_certificate_mode": "Required",
            "connection_string": [],
            "custom_domain_verification_id": "2D076D1EDE1BC48F99E30073FA59A7A802A557FC61AF25BBDD55FEA3B9571477",
            "default_hostname": "cc-fund-frontend-app.azurewebsites.net",
            "enabled": true,
            "ftp_publish_basic_authentication_enabled": true,
            "hosting_environment_id": "",
            "https_only": true,
            "id": "/subscriptions/ec052d58-e4b4-48f5-a36f-d3d9e277717d/resourceGroups/cc-fund-rg/providers/Microsoft.Web/sites/cc-fund-frontend-app",
            "identity": [
              {
                "identity_ids": [],
                "principal_id": "b5d3d77a-dfc7-42b7-97e5-d2937744af9d",
                "tenant_id": "ef350f96-c962-4cb3-abad-5a3a022c948f",
                "type": "SystemAssigned"
              }
            ],
            "key_vault_reference_identity_id": "SystemAssigned",
            "kind": "app,linux",
            "location": "northeurope",
            "logs": [],
            "name": "cc-fund-frontend-app",
            "outbound_ip_address_list": [
              "4.207.233.16",
              "52.155.168.183",
              "132.164.145.184",
              "48.209.147.49",
              "52.155.226.237",
              "48.209.171.130",
              "48.209.181.136",
              "40.127.152.119",
              "172.205.125.26",
              "132.164.136.124",
              "135.236.202.127",
              "4.207.177.210",
              "20.107.239.1"
            ],
            "outbound_ip_addresses": "4.207.233.16,52.155.168.183,132.164.145.184,48.209.147.49,52.155.226.237,48.209.171.130,48.209.181.136,40.127.152.119,172.205.125.26,132.164.136.124,135.236.202.127,4.207.177.210,20.107.239.1",
            "possible_outbound_ip_address_list": [
              "4.207.233.16",
              "52.155.168.183",
              "132.164.145.184",
              "48.209.147.49",
              "52.155.226.237",
              "48.209.171.130",
              "48.209.181.136",
              "40.127.152.119",
              "172.205.125.26",
              "132.164.136.124",
              "135.236.202.127",
              "4.207.177.210",
              "52.158.123.171",
              "172.205.41.165",
              "40.127.218.89",
              "172.205.110.239",
              "132.164.243.50",
              "132.164.244.84",
              "20.105.34.207",
              "52.158.114.127",
              "4.207.177.248",
              "132.164.209.13",
              "172.205.80.7",
              "132.164.184.188",
              "172.205.42.192",
              "48.209.179.246",
              "40.127.153.200",
              "172.205.43.78",
              "132.164.219.142",
              "52.155.173.114",
              "20.107.239.1"
            ],
            "possible_outbound_ip_addresses": "4.207.233.16,52.155.168.183,132.164.145.184,48.209.147.49,52.155.226.237,48.209.171.130,48.209.181.136,40.127.152.119,172.205.125.26,132.164.136.124,135.236.202.127,4.207.177.210,52.158.123.171,172.205.41.165,40.127.218.89,172.205.110.239,132.164.243.50,132.164.244.84,20.105.34.207,52.158.114.127,4.207.177.248,132.164.209.13,172.205.80.7,132.164.184.188,172.205.42.192,48.209.179.246,40.127.153.200,172.205.43.78,132.164.219.142,52.155.173.114,20.107.239.1",
            "public_network_access_enabled": true,
            "resource_group_name": "cc-fund-rg",
            "service_plan_id": "/subscriptions/ec052d58-e4b4-48f5-a36f-d3d9e277717d/resourceGroups/cc-fund-rg/providers/Microsoft.Web/serverFarms/cc-fund-asp",
            "site_config": [
              {
                "always_on": false,
                "api_definition_url": "",
                "api_management_api_id": "",
                "app_command_line": "",
                "application_stack": [
                  {
                    "docker_image_name": "",
                    "docker_registry_password": "",
                    "docker_registry_url": "",
                    "docker_registry_username": "",
                    "dotnet_version": "",
                    "go_version": "",
                    "java_server": "",
                    "java_server_version": "",
                    "java_version": "",
                    "node_version": "",
                    "php_version": "",
                    "python_version": "3.11",
                    "ruby_version": ""
                  }
                ],
                "auto_heal_setting": [],
                "container_registry_managed_identity_client_id": "",
                "container_registry_use_managed_identity": false,
                "cors": [],
                "default_documents": [
                  "Default.htm",
                  "Default.html",
                  "Default.asp",
                  "index.htm",
                  "index.html",
                  "iisstart.htm",
                  "default.aspx",
                  "index.php",
                  "hostingstart.html"
                ],
                "detailed_error_logging_enabled": false,
                "ftps_state": "Disabled",
                "health_check_eviction_time_in_min": 0,
                "health_check_path": "",
                "http2_enabled": false,
                "ip_restriction": [],
                "ip_restriction_default_action": "Allow",
                "linux_fx_version": "PYTHON|3.11",
                "load_balancing_mode": "LeastRequests",
                "local_mysql_enabled": false,
                "managed_pipeline_mode": "Integrated",
                "minimum_tls_version": "1.2",
                "remote_debugging_enabled": false,
                "remote_debugging_version": "VS2022",
                "scm_ip_restriction": [],
                "scm_ip_restriction_default_action": "Allow",
                "scm_minimum_tls_version": "1.2",
                "scm_type": "GitHubAction",
                "scm_use_main_ip_restriction": false,
                "use_32_bit_worker": true,
                "vnet_route_all_enabled": false,
                "websockets_enabled": false,
                "worker_count": 1
              }
            ],
            "site_credential": [
              {
                "name": "$cc-fund-frontend-app",
                "password": "M6cmtb9TMn4Yxqq9bKarnrDdxGHtqCtabff8JimXgwbb9tT93F9e7olXZu4D"
              }
            ],
            "sticky_settings": [],
            "storage_account": [],
            "tags": {},
            "timeouts": null,
            "virtual_network_backup_restore_enabled": false,
            "virtual_network_subnet_id": "",
            "webdeploy_publish_basic_authentication_enabled": true,
            "zip_deploy_file": ""
          },
          "sensitive_attributes": [
            [
              {
                "type": "get_attr",
                "value": "site_config"
              },
              {
                "type": "index",
                "value": {
                  "value": 0,
                  "type": "number"
                }
              },
              {
                "type": "get_attr",
                "value": "application_stack"
              },
              {
                "type": "index",
                "value": {
                  "value": 0,
                  "type": "number"
                }
              },
              {
                "type": "get_attr",
                "value": "docker_registry_password"
              }
            ],
            [
              {
                "type": "get_attr",
                "value": "custom_domain_verification_id"
              }
            ],
            [
              {
                "type": "get_attr",
                "value": "site_credential"
              }
            ]
          ],
          "private": "eyJlMmJmYjczMC1lY2FhLTExZTYtOGY4OC0zNDM2M2JjN2M0YzAiOnsiY3JlYXRlIjoxODAwMDAwMDAwMDAwLCJkZWxldGUiOjE4MDAwMDAwMDAwMDAsInJlYWQiOjMwMDAwMDAwMDAwMCwidXBkYXRlIjoxODAwMDAwMDAwMDAwfSwic2NoZW1hX3ZlcnNpb24iOiIxIn0=",
          "dependencies": [
            "azurerm_resource_group.rg",
            "azurerm_service_plan.asp"
          ]
        }
      ]
    },
    {
      "mode": "managed",
      "type": "azurerm_resource_group",
      "name": "rg",
      "provider": "provider[\"registry.terraform.io/hashicorp/azurerm\"]",
      "instances": [
        {
          "schema_version": 0,
          "attributes": {
            "id": "/subscriptions/ec052d58-e4b4-48f5-a36f-d3d9e277717d/resourceGroups/cc-fund-rg",
            "location": "northeurope",
            "managed_by": "",
            "name": "cc-fund-rg",
            "tags": {},
            "timeouts": null
          },
          "sensitive_attributes": [],
          "private": "eyJlMmJmYjczMC1lY2FhLTExZTYtOGY4OC0zNDM2M2JjN2M0YzAiOnsiY3JlYXRlIjo1NDAwMDAwMDAwMDAwLCJkZWxldGUiOjU0MDAwMDAwMDAwMDAsInJlYWQiOjMwMDAwMDAwMDAwMCwidXBkYXRlIjo1NDAwMDAwMDAwMDAwfX0="
        }
      ]
    },
    {
      "mode": "managed",
      "type": "azurerm_service_plan",
      "name": "asp",
      "provider": "provider[\"registry.terraform.io/hashicorp/azurerm\"]",
      "instances": [
        {
          "schema_version": 1,
          "attributes": {
            "app_service_environment_id": "",
            "id": "/subscriptions/ec052d58-e4b4-48f5-a36f-d3d9e277717d/resourceGroups/cc-fund-rg/providers/Microsoft.Web/serverFarms/cc-fund-asp",
            "kind": "linux",
            "location": "northeurope",
            "maximum_elastic_worker_count": 1,
            "name": "cc-fund-asp",
            "os_type": "Linux",
            "per_site_scaling_enabled": false,
            "premium_plan_auto_scale_enabled": false,
            "reserved": true,
            "resource_group_name": "cc-fund-rg",
            "sku_name": "B1",
            "tags": {},
            "timeouts": null,
            "worker_count": 1,
            "zone_balancing_enabled": false
          },
          "sensitive_attributes": [],
          "private": "eyJlMmJmYjczMC1lY2FhLTExZTYtOGY4OC0zNDM2M2JjN2M0YzAiOnsiY3JlYXRlIjozNjAwMDAwMDAwMDAwLCJkZWxldGUiOjM2MDAwMDAwMDAwMDAsInJlYWQiOjMwMDAwMDAwMDAwMCwidXBkYXRlIjozNjAwMDAwMDAwMDAwfSwic2NoZW1hX3ZlcnNpb24iOiIxIn0=",
          "dependencies": [
            "azurerm_resource_group.rg"
          ]
        }
      ]
    }
  ],
  "check_results": null
}
