{
  "version": 4,
  "terraform_version": "1.12.2",
  "serial": 75,
  "lineage": "dd250f66-fe7e-6a33-ac3e-f189c9424575",
  "outputs": {},
  "resources": [
    {
      "mode": "managed",
      "type": "azurerm_app_service_virtual_network_swift_connection",
      "name": "frontend_vnet_integration",
      "provider": "provider[\"registry.terraform.io/hashicorp/azurerm\"]",
      "instances": [
        {
          "schema_version": 0,
          "attributes": {
            "app_service_id": "/subscriptions/ec052d58-e4b4-48f5-a36f-d3d9e277717d/resourceGroups/cc-fund-rg/providers/Microsoft.Web/sites/cc-fund-frontend-app",
            "id": "/subscriptions/ec052d58-e4b4-48f5-a36f-d3d9e277717d/resourceGroups/cc-fund-rg/providers/Microsoft.Web/sites/cc-fund-frontend-app/config/virtualNetwork",
            "subnet_id": "/subscriptions/ec052d58-e4b4-48f5-a36f-d3d9e277717d/resourceGroups/cc-fund-rg/providers/Microsoft.Network/virtualNetworks/cc-fund-vn/subnets/cc-fund-subnet-frontend",
            "timeouts": null
          },
          "sensitive_attributes": [],
          "identity_schema_version": 0,
          "private": "eyJlMmJmYjczMC1lY2FhLTExZTYtOGY4OC0zNDM2M2JjN2M0YzAiOnsiY3JlYXRlIjoxODAwMDAwMDAwMDAwLCJkZWxldGUiOjE4MDAwMDAwMDAwMDAsInJlYWQiOjMwMDAwMDAwMDAwMCwidXBkYXRlIjoxODAwMDAwMDAwMDAwfX0=",
          "dependencies": [
            "azurerm_linux_web_app.frontend-app",
            "azurerm_resource_group.rg",
            "azurerm_service_plan.asp",
            "azurerm_subnet.subnet-frontend",
            "azurerm_virtual_network.vnet"
          ]
        }
      ]
    },
    {
      "mode": "managed",
      "type": "azurerm_linux_web_app",
      "name": "classification-app",
      "provider": "provider[\"registry.terraform.io/hashicorp/azurerm\"]",
      "instances": [
        {
          "schema_version": 1,
          "attributes": {
            "app_settings": {
              "SCM_DO_BUILD_DURING_DEPLOYMENT": "true"
            },
            "auth_settings": [],
            "auth_settings_v2": [],
            "backup": [],
            "client_affinity_enabled": false,
            "client_certificate_enabled": false,
            "client_certificate_exclusion_paths": "",
            "client_certificate_mode": "Required",
            "connection_string": [],
            "custom_domain_verification_id": "2D076D1EDE1BC48F99E30073FA59A7A802A557FC61AF25BBDD55FEA3B9571477",
            "default_hostname": "cc-fund-classification-api.azurewebsites.net",
            "enabled": true,
            "ftp_publish_basic_authentication_enabled": true,
            "hosting_environment_id": "",
            "https_only": true,
            "id": "/subscriptions/ec052d58-e4b4-48f5-a36f-d3d9e277717d/resourceGroups/cc-fund-rg/providers/Microsoft.Web/sites/cc-fund-classification-api",
            "identity": [
              {
                "identity_ids": [],
                "principal_id": "703ffe34-7fc4-485f-8cee-847047ff83bc",
                "tenant_id": "ef350f96-c962-4cb3-abad-5a3a022c948f",
                "type": "SystemAssigned"
              }
            ],
            "key_vault_reference_identity_id": "SystemAssigned",
            "kind": "app,linux",
            "location": "northeurope",
            "logs": [],
            "name": "cc-fund-classification-api",
            "outbound_ip_address_list": [
              "4.207.233.16",
              "52.155.168.183",
              "132.164.145.184",
              "48.209.147.49",
              "52.155.226.237",
              "48.209.171.130",
              "48.209.181.136",
              "40.127.152.119",
              "172.205.125.26",
              "132.164.136.124",
              "135.236.202.127",
              "4.207.177.210",
              "20.107.239.1"
            ],
            "outbound_ip_addresses": "4.207.233.16,52.155.168.183,132.164.145.184,48.209.147.49,52.155.226.237,48.209.171.130,48.209.181.136,40.127.152.119,172.205.125.26,132.164.136.124,135.236.202.127,4.207.177.210,20.107.239.1",
            "possible_outbound_ip_address_list": [
              "4.207.233.16",
              "52.155.168.183",
              "132.164.145.184",
              "48.209.147.49",
              "52.155.226.237",
              "48.209.171.130",
              "48.209.181.136",
              "40.127.152.119",
              "172.205.125.26",
              "132.164.136.124",
              "135.236.202.127",
              "4.207.177.210",
              "52.158.123.171",
              "172.205.41.165",
              "40.127.218.89",
              "172.205.110.239",
              "132.164.243.50",
              "132.164.244.84",
              "20.105.34.207",
              "52.158.114.127",
              "4.207.177.248",
              "132.164.209.13",
              "172.205.80.7",
              "132.164.184.188",
              "172.205.42.192",
              "48.209.179.246",
              "40.127.153.200",
              "172.205.43.78",
              "132.164.219.142",
              "52.155.173.114",
              "20.107.239.1"
            ],
            "possible_outbound_ip_addresses": "4.207.233.16,52.155.168.183,132.164.145.184,48.209.147.49,52.155.226.237,48.209.171.130,48.209.181.136,40.127.152.119,172.205.125.26,132.164.136.124,135.236.202.127,4.207.177.210,52.158.123.171,172.205.41.165,40.127.218.89,172.205.110.239,132.164.243.50,132.164.244.84,20.105.34.207,52.158.114.127,4.207.177.248,132.164.209.13,172.205.80.7,132.164.184.188,172.205.42.192,48.209.179.246,40.127.153.200,172.205.43.78,132.164.219.142,52.155.173.114,20.107.239.1",
            "public_network_access_enabled": true,
            "resource_group_name": "cc-fund-rg",
            "service_plan_id": "/subscriptions/ec052d58-e4b4-48f5-a36f-d3d9e277717d/resourceGroups/cc-fund-rg/providers/Microsoft.Web/serverFarms/cc-fund-asp",
            "site_config": [
              {
                "always_on": false,
                "api_definition_url": "",
                "api_management_api_id": "",
                "app_command_line": "",
                "application_stack": [
                  {
                    "docker_image_name": "",
                    "docker_registry_password": "",
                    "docker_registry_url": "",
                    "docker_registry_username": "",
                    "dotnet_version": "",
                    "go_version": "",
                    "java_server": "",
                    "java_server_version": "",
                    "java_version": "",
                    "node_version": "",
                    "php_version": "",
                    "python_version": "3.11",
                    "ruby_version": ""
                  }
                ],
                "auto_heal_setting": [],
                "container_registry_managed_identity_client_id": "",
                "container_registry_use_managed_identity": false,
                "cors": [],
                "default_documents": [
                  "Default.htm",
                  "Default.html",
                  "Default.asp",
                  "index.htm",
                  "index.html",
                  "iisstart.htm",
                  "default.aspx",
                  "index.php",
                  "hostingstart.html"
                ],
                "detailed_error_logging_enabled": false,
                "ftps_state": "Disabled",
                "health_check_eviction_time_in_min": 0,
                "health_check_path": "",
                "http2_enabled": false,
                "ip_restriction": [
                  {
                    "action": "Deny",
                    "description": "",
                    "headers": [],
                    "ip_address": "0.0.0.0/0",
                    "name": "Deny all",
                    "priority": 100,
                    "service_tag": "",
                    "virtual_network_subnet_id": ""
                  }
                ],
                "ip_restriction_default_action": "Allow",
                "linux_fx_version": "PYTHON|3.11",
                "load_balancing_mode": "LeastRequests",
                "local_mysql_enabled": false,
                "managed_pipeline_mode": "Integrated",
                "minimum_tls_version": "1.2",
                "remote_debugging_enabled": false,
                "remote_debugging_version": "VS2022",
                "scm_ip_restriction": [],
                "scm_ip_restriction_default_action": "Allow",
                "scm_minimum_tls_version": "1.2",
                "scm_type": "GitHubAction",
                "scm_use_main_ip_restriction": false,
                "use_32_bit_worker": true,
                "vnet_route_all_enabled": false,
                "websockets_enabled": false,
                "worker_count": 1
              }
            ],
            "site_credential": [
              {
                "name": "$cc-fund-classification-api",
                "password": "tzQebbnNsMqeXqmWy3geAwNBmega3svmjx5yT1DiNdSvucPuglQytJTPctlr"
              }
            ],
            "sticky_settings": [],
            "storage_account": [],
            "tags": {},
            "timeouts": null,
            "virtual_network_backup_restore_enabled": false,
            "virtual_network_subnet_id": "",
            "webdeploy_publish_basic_authentication_enabled": true,
            "zip_deploy_file": ""
          },
          "sensitive_attributes": [
            [
              {
                "type": "get_attr",
                "value": "custom_domain_verification_id"
              }
            ],
            [
              {
                "type": "get_attr",
                "value": "site_config"
              },
              {
                "type": "index",
                "value": {
                  "value": 0,
                  "type": "number"
                }
              },
              {
                "type": "get_attr",
                "value": "application_stack"
              },
              {
                "type": "index",
                "value": {
                  "value": 0,
                  "type": "number"
                }
              },
              {
                "type": "get_attr",
                "value": "docker_registry_password"
              }
            ],
            [
              {
                "type": "get_attr",
                "value": "site_credential"
              }
            ]
          ],
          "identity_schema_version": 0,
          "private": "eyJlMmJmYjczMC1lY2FhLTExZTYtOGY4OC0zNDM2M2JjN2M0YzAiOnsiY3JlYXRlIjoxODAwMDAwMDAwMDAwLCJkZWxldGUiOjE4MDAwMDAwMDAwMDAsInJlYWQiOjMwMDAwMDAwMDAwMCwidXBkYXRlIjoxODAwMDAwMDAwMDAwfSwic2NoZW1hX3ZlcnNpb24iOiIxIn0=",
          "dependencies": [
            "azurerm_resource_group.rg",
            "azurerm_service_plan.asp"
          ]
        }
      ]
    },
    {
      "mode": "managed",
      "type": "azurerm_linux_web_app",
      "name": "frontend-app",
      "provider": "provider[\"registry.terraform.io/hashicorp/azurerm\"]",
      "instances": [
        {
          "schema_version": 1,
          "attributes": {
            "app_settings": {
              "SCM_DO_BUILD_DURING_DEPLOYMENT": "true"
            },
            "auth_settings": [],
            "auth_settings_v2": [],
            "backup": [],
            "client_affinity_enabled": false,
            "client_certificate_enabled": false,
            "client_certificate_exclusion_paths": "",
            "client_certificate_mode": "Required",
            "connection_string": [],
            "custom_domain_verification_id": "2D076D1EDE1BC48F99E30073FA59A7A802A557FC61AF25BBDD55FEA3B9571477",
            "default_hostname": "cc-fund-frontend-app.azurewebsites.net",
            "enabled": true,
            "ftp_publish_basic_authentication_enabled": true,
            "hosting_environment_id": "",
            "https_only": true,
            "id": "/subscriptions/ec052d58-e4b4-48f5-a36f-d3d9e277717d/resourceGroups/cc-fund-rg/providers/Microsoft.Web/sites/cc-fund-frontend-app",
            "identity": [
              {
                "identity_ids": [],
                "principal_id": "b5d3d77a-dfc7-42b7-97e5-d2937744af9d",
                "tenant_id": "ef350f96-c962-4cb3-abad-5a3a022c948f",
                "type": "SystemAssigned"
              }
            ],
            "key_vault_reference_identity_id": "SystemAssigned",
            "kind": "app,linux",
            "location": "northeurope",
            "logs": [],
            "name": "cc-fund-frontend-app",
            "outbound_ip_address_list": [
              "4.207.233.16",
              "52.155.168.183",
              "132.164.145.184",
              "48.209.147.49",
              "52.155.226.237",
              "48.209.171.130",
              "48.209.181.136",
              "40.127.152.119",
              "172.205.125.26",
              "132.164.136.124",
              "135.236.202.127",
              "4.207.177.210",
              "20.107.239.1"
            ],
            "outbound_ip_addresses": "4.207.233.16,52.155.168.183,132.164.145.184,48.209.147.49,52.155.226.237,48.209.171.130,48.209.181.136,40.127.152.119,172.205.125.26,132.164.136.124,135.236.202.127,4.207.177.210,20.107.239.1",
            "possible_outbound_ip_address_list": [
              "4.207.233.16",
              "52.155.168.183",
              "132.164.145.184",
              "48.209.147.49",
              "52.155.226.237",
              "48.209.171.130",
              "48.209.181.136",
              "40.127.152.119",
              "172.205.125.26",
              "132.164.136.124",
              "135.236.202.127",
              "4.207.177.210",
              "52.158.123.171",
              "172.205.41.165",
              "40.127.218.89",
              "172.205.110.239",
              "132.164.243.50",
              "132.164.244.84",
              "20.105.34.207",
              "52.158.114.127",
              "4.207.177.248",
              "132.164.209.13",
              "172.205.80.7",
              "132.164.184.188",
              "172.205.42.192",
              "48.209.179.246",
              "40.127.153.200",
              "172.205.43.78",
              "132.164.219.142",
              "52.155.173.114",
              "20.107.239.1"
            ],
            "possible_outbound_ip_addresses": "4.207.233.16,52.155.168.183,132.164.145.184,48.209.147.49,52.155.226.237,48.209.171.130,48.209.181.136,40.127.152.119,172.205.125.26,132.164.136.124,135.236.202.127,4.207.177.210,52.158.123.171,172.205.41.165,40.127.218.89,172.205.110.239,132.164.243.50,132.164.244.84,20.105.34.207,52.158.114.127,4.207.177.248,132.164.209.13,172.205.80.7,132.164.184.188,172.205.42.192,48.209.179.246,40.127.153.200,172.205.43.78,132.164.219.142,52.155.173.114,20.107.239.1",
            "public_network_access_enabled": true,
            "resource_group_name": "cc-fund-rg",
            "service_plan_id": "/subscriptions/ec052d58-e4b4-48f5-a36f-d3d9e277717d/resourceGroups/cc-fund-rg/providers/Microsoft.Web/serverFarms/cc-fund-asp",
            "site_config": [
              {
                "always_on": false,
                "api_definition_url": "",
                "api_management_api_id": "",
                "app_command_line": "",
                "application_stack": [
                  {
                    "docker_image_name": "",
                    "docker_registry_password": "",
                    "docker_registry_url": "",
                    "docker_registry_username": "",
                    "dotnet_version": "",
                    "go_version": "",
                    "java_server": "",
                    "java_server_version": "",
                    "java_version": "",
                    "node_version": "",
                    "php_version": "",
                    "python_version": "3.11",
                    "ruby_version": ""
                  }
                ],
                "auto_heal_setting": [],
                "container_registry_managed_identity_client_id": "",
                "container_registry_use_managed_identity": false,
                "cors": [],
                "default_documents": [
                  "Default.htm",
                  "Default.html",
                  "Default.asp",
                  "index.htm",
                  "index.html",
                  "iisstart.htm",
                  "default.aspx",
                  "index.php",
                  "hostingstart.html"
                ],
                "detailed_error_logging_enabled": false,
                "ftps_state": "Disabled",
                "health_check_eviction_time_in_min": 0,
                "health_check_path": "",
                "http2_enabled": false,
                "ip_restriction": [],
                "ip_restriction_default_action": "Allow",
                "linux_fx_version": "PYTHON|3.11",
                "load_balancing_mode": "LeastRequests",
                "local_mysql_enabled": false,
                "managed_pipeline_mode": "Integrated",
                "minimum_tls_version": "1.2",
                "remote_debugging_enabled": false,
                "remote_debugging_version": "VS2022",
                "scm_ip_restriction": [],
                "scm_ip_restriction_default_action": "Allow",
                "scm_minimum_tls_version": "1.2",
                "scm_type": "GitHubAction",
                "scm_use_main_ip_restriction": false,
                "use_32_bit_worker": true,
                "vnet_route_all_enabled": false,
                "websockets_enabled": false,
                "worker_count": 1
              }
            ],
            "site_credential": [
              {
                "name": "$cc-fund-frontend-app",
                "password": "M6cmtb9TMn4Yxqq9bKarnrDdxGHtqCtabff8JimXgwbb9tT93F9e7olXZu4D"
              }
            ],
            "sticky_settings": [],
            "storage_account": [],
            "tags": {},
            "timeouts": null,
            "virtual_network_backup_restore_enabled": false,
            "virtual_network_subnet_id": "/subscriptions/ec052d58-e4b4-48f5-a36f-d3d9e277717d/resourceGroups/cc-fund-rg/providers/Microsoft.Network/virtualNetworks/cc-fund-vn/subnets/cc-fund-subnet-frontend",
            "webdeploy_publish_basic_authentication_enabled": true,
            "zip_deploy_file": ""
          },
          "sensitive_attributes": [
            [
              {
                "type": "get_attr",
                "value": "custom_domain_verification_id"
              }
            ],
            [
              {
                "type": "get_attr",
                "value": "site_config"
              },
              {
                "type": "index",
                "value": {
                  "value": 0,
                  "type": "number"
                }
              },
              {
                "type": "get_attr",
                "value": "application_stack"
              },
              {
                "type": "index",
                "value": {
                  "value": 0,
                  "type": "number"
                }
              },
              {
                "type": "get_attr",
                "value": "docker_registry_password"
              }
            ],
            [
              {
                "type": "get_attr",
                "value": "site_credential"
              }
            ]
          ],
          "identity_schema_version": 0,
          "private": "eyJlMmJmYjczMC1lY2FhLTExZTYtOGY4OC0zNDM2M2JjN2M0YzAiOnsiY3JlYXRlIjoxODAwMDAwMDAwMDAwLCJkZWxldGUiOjE4MDAwMDAwMDAwMDAsInJlYWQiOjMwMDAwMDAwMDAwMCwidXBkYXRlIjoxODAwMDAwMDAwMDAwfSwic2NoZW1hX3ZlcnNpb24iOiIxIn0=",
          "dependencies": [
            "azurerm_resource_group.rg",
            "azurerm_service_plan.asp",
            "azurerm_subnet.subnet-frontend",
            "azurerm_virtual_network.vnet"
          ]
        }
      ]
    },
    {
      "mode": "managed",
      "type": "azurerm_private_dns_zone",
      "name": "dns-zone",
      "provider": "provider[\"registry.terraform.io/hashicorp/azurerm\"]",
      "instances": [
        {
          "schema_version": 0,
          "attributes": {
            "id": "/subscriptions/ec052d58-e4b4-48f5-a36f-d3d9e277717d/resourceGroups/cc-fund-rg/providers/Microsoft.Network/privateDnsZones/privatelink.azurewebsites.net",
            "max_number_of_record_sets": 25000,
            "max_number_of_virtual_network_links": 1000,
            "max_number_of_virtual_network_links_with_registration": 100,
            "name": "privatelink.azurewebsites.net",
            "number_of_record_sets": 3,
            "resource_group_name": "cc-fund-rg",
            "soa_record": [
              {
                "email": "azureprivatedns-host.microsoft.com",
                "expire_time": 2419200,
                "fqdn": "privatelink.azurewebsites.net.",
                "host_name": "azureprivatedns.net",
                "minimum_ttl": 10,
                "refresh_time": 3600,
                "retry_time": 300,
                "serial_number": 1,
                "tags": {},
                "ttl": 3600
              }
            ],
            "tags": {},
            "timeouts": null
          },
          "sensitive_attributes": [],
          "identity_schema_version": 0,
          "private": "eyJlMmJmYjczMC1lY2FhLTExZTYtOGY4OC0zNDM2M2JjN2M0YzAiOnsiY3JlYXRlIjoxODAwMDAwMDAwMDAwLCJkZWxldGUiOjE4MDAwMDAwMDAwMDAsInJlYWQiOjMwMDAwMDAwMDAwMCwidXBkYXRlIjoxODAwMDAwMDAwMDAwfX0=",
          "dependencies": [
            "azurerm_resource_group.rg"
          ]
        }
      ]
    },
    {
      "mode": "managed",
      "type": "azurerm_private_dns_zone_virtual_network_link",
      "name": "dns_link",
      "provider": "provider[\"registry.terraform.io/hashicorp/azurerm\"]",
      "instances": [
        {
          "schema_version": 0,
          "attributes": {
            "id": "/subscriptions/ec052d58-e4b4-48f5-a36f-d3d9e277717d/resourceGroups/cc-fund-rg/providers/Microsoft.Network/privateDnsZones/privatelink.azurewebsites.net/virtualNetworkLinks/dns-vnet-link",
            "name": "dns-vnet-link",
            "private_dns_zone_name": "privatelink.azurewebsites.net",
            "registration_enabled": false,
            "resource_group_name": "cc-fund-rg",
            "tags": {},
            "timeouts": null,
            "virtual_network_id": "/subscriptions/ec052d58-e4b4-48f5-a36f-d3d9e277717d/resourceGroups/cc-fund-rg/providers/Microsoft.Network/virtualNetworks/cc-fund-vn"
          },
          "sensitive_attributes": [],
          "identity_schema_version": 0,
          "private": "eyJlMmJmYjczMC1lY2FhLTExZTYtOGY4OC0zNDM2M2JjN2M0YzAiOnsiY3JlYXRlIjoxODAwMDAwMDAwMDAwLCJkZWxldGUiOjE4MDAwMDAwMDAwMDAsInJlYWQiOjMwMDAwMDAwMDAwMCwidXBkYXRlIjoxODAwMDAwMDAwMDAwfX0=",
          "dependencies": [
            "azurerm_private_dns_zone.dns-zone",
            "azurerm_resource_group.rg",
            "azurerm_virtual_network.vnet"
          ]
        }
      ]
    },
    {
      "mode": "managed",
      "type": "azurerm_private_endpoint",
      "name": "classification-app-pe",
      "provider": "provider[\"registry.terraform.io/hashicorp/azurerm\"]",
      "instances": [
        {
          "schema_version": 0,
          "attributes": {
            "custom_dns_configs": [],
            "custom_network_interface_name": "",
            "id": "/subscriptions/ec052d58-e4b4-48f5-a36f-d3d9e277717d/resourceGroups/cc-fund-rg/providers/Microsoft.Network/privateEndpoints/api-pe",
            "ip_configuration": [],
            "location": "northeurope",
            "name": "api-pe",
            "network_interface": [
              {
                "id": "/subscriptions/ec052d58-e4b4-48f5-a36f-d3d9e277717d/resourceGroups/cc-fund-rg/providers/Microsoft.Network/networkInterfaces/api-pe.nic.64096f5c-004a-41b0-a5dc-ac64112a2df7",
                "name": "api-pe.nic.64096f5c-004a-41b0-a5dc-ac64112a2df7"
              }
            ],
            "private_dns_zone_configs": [
              {
                "id": "/subscriptions/ec052d58-e4b4-48f5-a36f-d3d9e277717d/resourceGroups/cc-fund-rg/providers/Microsoft.Network/privateEndpoints/api-pe/privateDnsZoneGroups/default/privateDnsZoneConfigs/privatelink.azurewebsites.net",
                "name": "privatelink.azurewebsites.net",
                "private_dns_zone_id": "/subscriptions/ec052d58-e4b4-48f5-a36f-d3d9e277717d/resourceGroups/cc-fund-rg/providers/Microsoft.Network/privateDnsZones/privatelink.azurewebsites.net",
                "record_sets": [
                  {
                    "fqdn": "cc-fund-classification-api.privatelink.azurewebsites.net",
                    "ip_addresses": [
                      "10.0.2.4"
                    ],
                    "name": "cc-fund-classification-api",
                    "ttl": 10,
                    "type": "A"
                  },
                  {
                    "fqdn": "cc-fund-classification-api.scm.privatelink.azurewebsites.net",
                    "ip_addresses": [
                      "10.0.2.4"
                    ],
                    "name": "cc-fund-classification-api.scm",
                    "ttl": 10,
                    "type": "A"
                  }
                ]
              }
            ],
            "private_dns_zone_group": [
              {
                "id": "/subscriptions/ec052d58-e4b4-48f5-a36f-d3d9e277717d/resourceGroups/cc-fund-rg/providers/Microsoft.Network/privateEndpoints/api-pe/privateDnsZoneGroups/default",
                "name": "default",
                "private_dns_zone_ids": [
                  "/subscriptions/ec052d58-e4b4-48f5-a36f-d3d9e277717d/resourceGroups/cc-fund-rg/providers/Microsoft.Network/privateDnsZones/privatelink.azurewebsites.net"
                ]
              }
            ],
            "private_service_connection": [
              {
                "is_manual_connection": false,
                "name": "api-psc",
                "private_connection_resource_alias": "",
                "private_connection_resource_id": "/subscriptions/ec052d58-e4b4-48f5-a36f-d3d9e277717d/resourceGroups/cc-fund-rg/providers/Microsoft.Web/sites/cc-fund-classification-api",
                "private_ip_address": "10.0.2.4",
                "request_message": "",
                "subresource_names": [
                  "sites"
                ]
              }
            ],
            "resource_group_name": "cc-fund-rg",
            "subnet_id": "/subscriptions/ec052d58-e4b4-48f5-a36f-d3d9e277717d/resourceGroups/cc-fund-rg/providers/Microsoft.Network/virtualNetworks/cc-fund-vn/subnets/cc-fund-subnet-backend",
            "tags": {},
            "timeouts": null
          },
          "sensitive_attributes": [],
          "identity_schema_version": 0,
          "private": "eyJlMmJmYjczMC1lY2FhLTExZTYtOGY4OC0zNDM2M2JjN2M0YzAiOnsiY3JlYXRlIjozNjAwMDAwMDAwMDAwLCJkZWxldGUiOjM2MDAwMDAwMDAwMDAsInJlYWQiOjMwMDAwMDAwMDAwMCwidXBkYXRlIjozNjAwMDAwMDAwMDAwfX0=",
          "dependencies": [
            "azurerm_linux_web_app.classification-app",
            "azurerm_private_dns_zone.dns-zone",
            "azurerm_resource_group.rg",
            "azurerm_service_plan.asp",
            "azurerm_subnet.subnet-backend",
            "azurerm_virtual_network.vnet"
          ]
        }
      ]
    },
    {
      "mode": "managed",
      "type": "azurerm_resource_group",
      "name": "rg",
      "provider": "provider[\"registry.terraform.io/hashicorp/azurerm\"]",
      "instances": [
        {
          "schema_version": 0,
          "attributes": {
            "id": "/subscriptions/ec052d58-e4b4-48f5-a36f-d3d9e277717d/resourceGroups/cc-fund-rg",
            "location": "northeurope",
            "managed_by": "",
            "name": "cc-fund-rg",
            "tags": {},
            "timeouts": null
          },
          "sensitive_attributes": [],
          "identity_schema_version": 0,
          "private": "eyJlMmJmYjczMC1lY2FhLTExZTYtOGY4OC0zNDM2M2JjN2M0YzAiOnsiY3JlYXRlIjo1NDAwMDAwMDAwMDAwLCJkZWxldGUiOjU0MDAwMDAwMDAwMDAsInJlYWQiOjMwMDAwMDAwMDAwMCwidXBkYXRlIjo1NDAwMDAwMDAwMDAwfX0="
        }
      ]
    },
    {
      "mode": "managed",
      "type": "azurerm_service_plan",
      "name": "asp",
      "provider": "provider[\"registry.terraform.io/hashicorp/azurerm\"]",
      "instances": [
        {
          "schema_version": 1,
          "attributes": {
            "app_service_environment_id": "",
            "id": "/subscriptions/ec052d58-e4b4-48f5-a36f-d3d9e277717d/resourceGroups/cc-fund-rg/providers/Microsoft.Web/serverFarms/cc-fund-asp",
            "kind": "linux",
            "location": "northeurope",
            "maximum_elastic_worker_count": 1,
            "name": "cc-fund-asp",
            "os_type": "Linux",
            "per_site_scaling_enabled": false,
            "premium_plan_auto_scale_enabled": false,
            "reserved": true,
            "resource_group_name": "cc-fund-rg",
            "sku_name": "B1",
            "tags": {},
            "timeouts": null,
            "worker_count": 1,
            "zone_balancing_enabled": false
          },
          "sensitive_attributes": [],
          "identity_schema_version": 0,
          "private": "eyJlMmJmYjczMC1lY2FhLTExZTYtOGY4OC0zNDM2M2JjN2M0YzAiOnsiY3JlYXRlIjozNjAwMDAwMDAwMDAwLCJkZWxldGUiOjM2MDAwMDAwMDAwMDAsInJlYWQiOjMwMDAwMDAwMDAwMCwidXBkYXRlIjozNjAwMDAwMDAwMDAwfSwic2NoZW1hX3ZlcnNpb24iOiIxIn0=",
          "dependencies": [
            "azurerm_resource_group.rg"
          ]
        }
      ]
    },
    {
      "mode": "managed",
      "type": "azurerm_subnet",
      "name": "subnet-backend",
      "provider": "provider[\"registry.terraform.io/hashicorp/azurerm\"]",
      "instances": [
        {
          "schema_version": 0,
          "attributes": {
            "address_prefixes": [
              "10.0.2.0/24"
            ],
            "default_outbound_access_enabled": true,
            "delegation": [],
            "id": "/subscriptions/ec052d58-e4b4-48f5-a36f-d3d9e277717d/resourceGroups/cc-fund-rg/providers/Microsoft.Network/virtualNetworks/cc-fund-vn/subnets/cc-fund-subnet-backend",
            "name": "cc-fund-subnet-backend",
            "private_endpoint_network_policies": "Disabled",
            "private_link_service_network_policies_enabled": true,
            "resource_group_name": "cc-fund-rg",
            "service_endpoint_policy_ids": [],
            "service_endpoints": [],
            "timeouts": null,
            "virtual_network_name": "cc-fund-vn"
          },
          "sensitive_attributes": [],
          "identity_schema_version": 0,
          "private": "eyJlMmJmYjczMC1lY2FhLTExZTYtOGY4OC0zNDM2M2JjN2M0YzAiOnsiY3JlYXRlIjoxODAwMDAwMDAwMDAwLCJkZWxldGUiOjE4MDAwMDAwMDAwMDAsInJlYWQiOjMwMDAwMDAwMDAwMCwidXBkYXRlIjoxODAwMDAwMDAwMDAwfX0=",
          "dependencies": [
            "azurerm_resource_group.rg",
            "azurerm_virtual_network.vnet"
          ]
        }
      ]
    },
    {
      "mode": "managed",
      "type": "azurerm_subnet",
      "name": "subnet-frontend",
      "provider": "provider[\"registry.terraform.io/hashicorp/azurerm\"]",
      "instances": [
        {
          "schema_version": 0,
          "attributes": {
            "address_prefixes": [
              "10.0.1.0/24"
            ],
            "default_outbound_access_enabled": true,
            "delegation": [
              {
                "name": "delegation",
                "service_delegation": [
                  {
                    "actions": [
                      "Microsoft.Network/virtualNetworks/subnets/action"
                    ],
                    "name": "Microsoft.Web/serverFarms"
                  }
                ]
              }
            ],
            "id": "/subscriptions/ec052d58-e4b4-48f5-a36f-d3d9e277717d/resourceGroups/cc-fund-rg/providers/Microsoft.Network/virtualNetworks/cc-fund-vn/subnets/cc-fund-subnet-frontend",
            "name": "cc-fund-subnet-frontend",
            "private_endpoint_network_policies": "Disabled",
            "private_link_service_network_policies_enabled": true,
            "resource_group_name": "cc-fund-rg",
            "service_endpoint_policy_ids": [],
            "service_endpoints": [
              "Microsoft.Web"
            ],
            "timeouts": null,
            "virtual_network_name": "cc-fund-vn"
          },
          "sensitive_attributes": [],
          "identity_schema_version": 0,
          "private": "eyJlMmJmYjczMC1lY2FhLTExZTYtOGY4OC0zNDM2M2JjN2M0YzAiOnsiY3JlYXRlIjoxODAwMDAwMDAwMDAwLCJkZWxldGUiOjE4MDAwMDAwMDAwMDAsInJlYWQiOjMwMDAwMDAwMDAwMCwidXBkYXRlIjoxODAwMDAwMDAwMDAwfX0=",
          "dependencies": [
            "azurerm_resource_group.rg",
            "azurerm_virtual_network.vnet"
          ]
        }
      ]
    },
    {
      "mode": "managed",
      "type": "azurerm_virtual_network",
      "name": "vnet",
      "provider": "provider[\"registry.terraform.io/hashicorp/azurerm\"]",
      "instances": [
        {
          "schema_version": 0,
          "attributes": {
            "address_space": [
              "10.0.0.0/16"
            ],
            "bgp_community": "",
            "ddos_protection_plan": [],
            "dns_servers": [],
            "edge_zone": "",
            "encryption": [],
            "flow_timeout_in_minutes": 0,
            "guid": "3dc0d1c0-e9cb-41e1-958d-8662527ad7a5",
            "id": "/subscriptions/ec052d58-e4b4-48f5-a36f-d3d9e277717d/resourceGroups/cc-fund-rg/providers/Microsoft.Network/virtualNetworks/cc-fund-vn",
            "location": "northeurope",
            "name": "cc-fund-vn",
            "private_endpoint_vnet_policies": "Disabled",
            "resource_group_name": "cc-fund-rg",
            "subnet": [
              {
                "address_prefixes": [
                  "10.0.1.0/24"
                ],
                "default_outbound_access_enabled": true,
                "delegation": [
                  {
                    "name": "delegation",
                    "service_delegation": [
                      {
                        "actions": [
                          "Microsoft.Network/virtualNetworks/subnets/action"
                        ],
                        "name": "Microsoft.Web/serverFarms"
                      }
                    ]
                  }
                ],
                "id": "/subscriptions/ec052d58-e4b4-48f5-a36f-d3d9e277717d/resourceGroups/cc-fund-rg/providers/Microsoft.Network/virtualNetworks/cc-fund-vn/subnets/cc-fund-subnet-frontend",
                "name": "cc-fund-subnet-frontend",
                "private_endpoint_network_policies": "Disabled",
                "private_link_service_network_policies_enabled": true,
                "route_table_id": "",
                "security_group": "",
                "service_endpoint_policy_ids": [],
                "service_endpoints": [
                  "Microsoft.Web"
                ]
              },
              {
                "address_prefixes": [
                  "10.0.2.0/24"
                ],
                "default_outbound_access_enabled": true,
                "delegation": [],
                "id": "/subscriptions/ec052d58-e4b4-48f5-a36f-d3d9e277717d/resourceGroups/cc-fund-rg/providers/Microsoft.Network/virtualNetworks/cc-fund-vn/subnets/cc-fund-subnet-backend",
                "name": "cc-fund-subnet-backend",
                "private_endpoint_network_policies": "Disabled",
                "private_link_service_network_policies_enabled": true,
                "route_table_id": "",
                "security_group": "",
                "service_endpoint_policy_ids": [],
                "service_endpoints": []
              }
            ],
            "tags": {},
            "timeouts": null
          },
          "sensitive_attributes": [],
          "identity_schema_version": 0,
          "private": "eyJlMmJmYjczMC1lY2FhLTExZTYtOGY4OC0zNDM2M2JjN2M0YzAiOnsiY3JlYXRlIjoxODAwMDAwMDAwMDAwLCJkZWxldGUiOjE4MDAwMDAwMDAwMDAsInJlYWQiOjMwMDAwMDAwMDAwMCwidXBkYXRlIjoxODAwMDAwMDAwMDAwfX0=",
          "dependencies": [
            "azurerm_resource_group.rg"
          ]
        }
      ]
    }
  ],
  "check_results": null
}
